
Microsoft Visual Studio Solution File, Format Version 12.00
# Visual Studio Version 16
VisualStudioVersion = 16.0.31229.75
MinimumVisualStudioVersion = 10.0.40219.1
Project("{9A19103F-16F7-4668-BE54-9A1E7A4F7556}") = "Dominio", "Dominio\Dominio.csproj", "{172AC6B1-CE8F-43ED-B364-ACDB4275461D}"
EndProject
Project("{9A19103F-16F7-4668-BE54-9A1E7A4F7556}") = "Repositorios", "Repositorios\Repositorios.csproj", "{D74B2BF4-CBE6-4DB4-B9F3-42D187E43233}"
EndProject
Project("{9A19103F-16F7-4668-BE54-9A1E7A4F7556}") = "CasosDeUso", "CasosDeUso\CasosDeUso.csproj", "{6F34B2C4-05C8-4AD5-B4DB-551B54F592A8}"
EndProject
Project("{9A19103F-16F7-4668-BE54-9A1E7A4F7556}") = "WebMVC", "WebMVC\WebMVC.csproj", "{E9D7C2DB-2EE3-43FB-B26D-3CA29C836925}"
EndProject
Global
	GlobalSection(SolutionConfigurationPlatforms) = preSolution
		Debug|Any CPU = Debug|Any CPU
		Release|Any CPU = Release|Any CPU
	EndGlobalSection
	GlobalSection(ProjectConfigurationPlatforms) = postSolution
		{172AC6B1-CE8F-43ED-B364-ACDB4275461D}.Debug|Any CPU.ActiveCfg = Debug|Any CPU
		{172AC6B1-CE8F-43ED-B364-ACDB4275461D}.Debug|Any CPU.Build.0 = Debug|Any CPU
		{172AC6B1-CE8F-43ED-B364-ACDB4275461D}.Release|Any CPU.ActiveCfg = Release|Any CPU
		{172AC6B1-CE8F-43ED-B364-ACDB4275461D}.Release|Any CPU.Build.0 = Release|Any CPU
		{D74B2BF4-CBE6-4DB4-B9F3-42D187E43233}.Debug|Any CPU.ActiveCfg = Debug|Any CPU
		{D74B2BF4-CBE6-4DB4-B9F3-42D187E43233}.Debug|Any CPU.Build.0 = Debug|Any CPU
		{D74B2BF4-CBE6-4DB4-B9F3-42D187E43233}.Release|Any CPU.ActiveCfg = Release|Any CPU
		{D74B2BF4-CBE6-4DB4-B9F3-42D187E43233}.Release|Any CPU.Build.0 = Release|Any CPU
		{6F34B2C4-05C8-4AD5-B4DB-551B54F592A8}.Debug|Any CPU.ActiveCfg = Debug|Any CPU
		{6F34B2C4-05C8-4AD5-B4DB-551B54F592A8}.Debug|Any CPU.Build.0 = Debug|Any CPU
		{6F34B2C4-05C8-4AD5-B4DB-551B54F592A8}.Release|Any CPU.ActiveCfg = Release|Any CPU
		{6F34B2C4-05C8-4AD5-B4DB-551B54F592A8}.Release|Any CPU.Build.0 = Release|Any CPU
		{E9D7C2DB-2EE3-43FB-B26D-3CA29C836925}.Debug|Any CPU.ActiveCfg = Debug|Any CPU
		{E9D7C2DB-2EE3-43FB-B26D-3CA29C836925}.Debug|Any CPU.Build.0 = Debug|Any CPU
		{E9D7C2DB-2EE3-43FB-B26D-3CA29C836925}.Release|Any CPU.ActiveCfg = Release|Any CPU
		{E9D7C2DB-2EE3-43FB-B26D-3CA29C836925}.Release|Any CPU.Build.0 = Release|Any CPU
	EndGlobalSection
	GlobalSection(SolutionProperties) = preSolution
		HideSolutionNode = FALSE
	EndGlobalSection
	GlobalSection(ExtensibilityGlobals) = postSolution
		SolutionGuid = {D5DF6333-36C2-4E2B-83A9-E89F6B7FDCEC}
	EndGlobalSection
EndGlobal
